// !$*UTF8*$!
{
	archiveVersion = 1;
	classes = {
	};
	objectVersion = 46;
	objects = {

/* Begin PBXBuildFile section */
		189CD2201D42980700C4BC0C /* AppDelegate.swift in Sources */ = {isa = PBXBuildFile; fileRef = 189CD21F1D42980700C4BC0C /* AppDelegate.swift */; };
		189CD2221D42980700C4BC0C /* ViewController.swift in Sources */ = {isa = PBXBuildFile; fileRef = 189CD2211D42980700C4BC0C /* ViewController.swift */; };
		189CD2251D42980700C4BC0C /* Main.storyboard in Resources */ = {isa = PBXBuildFile; fileRef = 189CD2231D42980700C4BC0C /* Main.storyboard */; };
		189CD2271D42980700C4BC0C /* Assets.xcassets in Resources */ = {isa = PBXBuildFile; fileRef = 189CD2261D42980700C4BC0C /* Assets.xcassets */; };
		189CD22A1D42980700C4BC0C /* LaunchScreen.storyboard in Resources */ = {isa = PBXBuildFile; fileRef = 189CD2281D42980700C4BC0C /* LaunchScreen.storyboard */; };
		189CD2321D42A2A400C4BC0C /* Character.swift in Sources */ = {isa = PBXBuildFile; fileRef = 189CD2311D42A2A400C4BC0C /* Character.swift */; };
		189CD2341D42A49F00C4BC0C /* Player.swift in Sources */ = {isa = PBXBuildFile; fileRef = 189CD2331D42A49F00C4BC0C /* Player.swift */; };
		189CD2361D42CA0500C4BC0C /* geronimo.m4a in Resources */ = {isa = PBXBuildFile; fileRef = 189CD2351D42CA0500C4BC0C /* geronimo.m4a */; };
		189CD2381D42CA3F00C4BC0C /* attack.wav in Resources */ = {isa = PBXBuildFile; fileRef = 189CD2371D42CA3F00C4BC0C /* attack.wav */; };
/* End PBXBuildFile section */

/* Begin PBXFileReference section */
		189CD21C1D42980700C4BC0C /* OOP Class RPGoop.app */ = {isa = PBXFileReference; explicitFileType = wrapper.application; includeInIndex = 0; path = "OOP Class RPGoop.app"; sourceTree = BUILT_PRODUCTS_DIR; };
		189CD21F1D42980700C4BC0C /* AppDelegate.swift */ = {isa = PBXFileReference; lastKnownFileType = sourcecode.swift; path = AppDelegate.swift; sourceTree = "<group>"; };
		189CD2211D42980700C4BC0C /* ViewController.swift */ = {isa = PBXFileReference; lastKnownFileType = sourcecode.swift; path = ViewController.swift; sourceTree = "<group>"; };
		189CD2241D42980700C4BC0C /* Base */ = {isa = PBXFileReference; lastKnownFileType = file.storyboard; name = Base; path = Base.lproj/Main.storyboard; sourceTree = "<group>"; };
		189CD2261D42980700C4BC0C /* Assets.xcassets */ = {isa = PBXFileReference; lastKnownFileType = folder.assetcatalog; path = Assets.xcassets; sourceTree = "<group>"; };
		189CD2291D42980700C4BC0C /* Base */ = {isa = PBXFileReference; lastKnownFileType = file.storyboard; name = Base; path = Base.lproj/LaunchScreen.storyboard; sourceTree = "<group>"; };
		189CD22B1D42980700C4BC0C /* Info.plist */ = {isa = PBXFileReference; lastKnownFileType = text.plist.xml; path = Info.plist; sourceTree = "<group>"; };
		189CD2311D42A2A400C4BC0C /* Character.swift */ = {isa = PBXFileReference; fileEncoding = 4; lastKnownFileType = sourcecode.swift; path = Character.swift; sourceTree = "<group>"; };
		189CD2331D42A49F00C4BC0C /* Player.swift */ = {isa = PBXFileReference; fileEncoding = 4; lastKnownFileType = sourcecode.swift; path = Player.swift; sourceTree = "<group>"; };
		189CD2351D42CA0500C4BC0C /* geronimo.m4a */ = {isa = PBXFileReference; lastKnownFileType = file; path = geronimo.m4a; sourceTree = "<group>"; };
		189CD2371D42CA3F00C4BC0C /* attack.wav */ = {isa = PBXFileReference; lastKnownFileType = audio.wav; path = attack.wav; sourceTree = "<group>"; };
/* End PBXFileReference section */

/* Begin PBXFrameworksBuildPhase section */
		189CD2191D42980700C4BC0C /* Frameworks */ = {
			isa = PBXFrameworksBuildPhase;
			buildActionMask = 2147483647;
			files = (
			);
			runOnlyForDeploymentPostprocessing = 0;
		};
/* End PBXFrameworksBuildPhase section */

/* Begin PBXGroup section */
		189CD2131D42980700C4BC0C = {
			isa = PBXGroup;
			children = (
				189CD21E1D42980700C4BC0C /* OOP Class RPGoop */,
				189CD21D1D42980700C4BC0C /* Products */,
			);
			sourceTree = "<group>";
		};
		189CD21D1D42980700C4BC0C /* Products */ = {
			isa = PBXGroup;
			children = (
				189CD21C1D42980700C4BC0C /* OOP Class RPGoop.app */,
			);
			name = Products;
			sourceTree = "<group>";
		};
		189CD21E1D42980700C4BC0C /* OOP Class RPGoop */ = {
			isa = PBXGroup;
			children = (
				189CD2371D42CA3F00C4BC0C /* attack.wav */,
				189CD2351D42CA0500C4BC0C /* geronimo.m4a */,
				189CD21F1D42980700C4BC0C /* AppDelegate.swift */,
				189CD2211D42980700C4BC0C /* ViewController.swift */,
				189CD2231D42980700C4BC0C /* Main.storyboard */,
				189CD2261D42980700C4BC0C /* Assets.xcassets */,
				189CD2281D42980700C4BC0C /* LaunchScreen.storyboard */,
				189CD22B1D42980700C4BC0C /* Info.plist */,
				189CD2311D42A2A400C4BC0C /* Character.swift */,
				189CD2331D42A49F00C4BC0C /* Player.swift */,
			);
			path = "OOP Class RPGoop";
			sourceTree = "<group>";
		};
/* End PBXGroup section */

/* Begin PBXNativeTarget section */
		189CD21B1D42980700C4BC0C /* OOP Class RPGoop */ = {
			isa = PBXNativeTarget;
			buildConfigurationList = 189CD22E1D42980700C4BC0C /* Build configuration list for PBXNativeTarget "OOP Class RPGoop" */;
			buildPhases = (
				189CD2181D42980700C4BC0C /* Sources */,
				189CD2191D42980700C4BC0C /* Frameworks */,
				189CD21A1D42980700C4BC0C /* Resources */,
			);
			buildRules = (
			);
			dependencies = (
			);
			name = "OOP Class RPGoop";
			productName = "OOP Class RPGoop";
			productReference = 189CD21C1D42980700C4BC0C /* OOP Class RPGoop.app */;
			productType = "com.apple.product-type.application";
		};
/* End PBXNativeTarget section */

/* Begin PBXProject section */
		189CD2141D42980700C4BC0C /* Project object */ = {
			isa = PBXProject;
			attributes = {
				LastSwiftUpdateCheck = 0730;
				LastUpgradeCheck = 0730;
				ORGANIZATIONNAME = SimpleStuff;
				TargetAttributes = {
					189CD21B1D42980700C4BC0C = {
						CreatedOnToolsVersion = 7.3.1;
						DevelopmentTeam = 253ET55U8L;
					};
				};
			};
			buildConfigurationList = 189CD2171D42980700C4BC0C /* Build configuration list for PBXProject "OOP Class RPGoop" */;
			compatibilityVersion = "Xcode 3.2";
			developmentRegion = English;
			hasScannedForEncodings = 0;
			knownRegions = (
				en,
				Base,
			);
			mainGroup = 189CD2131D42980700C4BC0C;
			productRefGroup = 189CD21D1D42980700C4BC0C /* Products */;
			projectDirPath = "";
			projectRoot = "";
			targets = (
				189CD21B1D42980700C4BC0C /* OOP Class RPGoop */,
			);
		};
/* End PBXProject section */

/* Begin PBXResourcesBuildPhase section */
		189CD21A1D42980700C4BC0C /* Resources */ = {
			isa = PBXResourcesBuildPhase;
			buildActionMask = 2147483647;
			files = (
				189CD2361D42CA0500C4BC0C /* geronimo.m4a in Resources */,
				189CD22A1D42980700C4BC0C /* LaunchScreen.storyboard in Resources */,
				189CD2271D42980700C4BC0C /* Assets.xcassets in Resources */,
				189CD2381D42CA3F00C4BC0C /* attack.wav in Resources */,
				189CD2251D42980700C4BC0C /* Main.storyboard in Resources */,
			);
			runOnlyForDeploymentPostprocessing = 0;
		};
/* End PBXResourcesBuildPhase section */

/* Begin PBXSourcesBuildPhase section */
		189CD2181D42980700C4BC0C /* Sources */ = {
			isa = PBXSourcesBuildPhase;
			buildActionMask = 2147483647;
			files = (
				189CD2341D42A49F00C4BC0C /* Player.swift in Sources */,
				189CD2321D42A2A400C4BC0C /* Character.swift in Sources */,
				189CD2221D42980700C4BC0C /* ViewController.swift in Sources */,
				189CD2201D42980700C4BC0C /* AppDelegate.swift in Sources */,
			);
			runOnlyForDeploymentPostprocessing = 0;
		};
/* End PBXSourcesBuildPhase section */

/* Begin PBXVariantGroup section */
		189CD2231D42980700C4BC0C /* Main.storyboard */ = {
			isa = PBXVariantGroup;
			children = (
				189CD2241D42980700C4BC0C /* Base */,
			);
			name = Main.storyboard;
			sourceTree = "<group>";
		};
		189CD2281D42980700C4BC0C /* LaunchScreen.storyboard */ = {
			isa = PBXVariantGroup;
			children = (
				189CD2291D42980700C4BC0C /* Base */,
			);
			name = LaunchScreen.storyboard;
			sourceTree = "<group>";
		};
/* End PBXVariantGroup section */

/* Begin XCBuildConfiguration section */
		189CD22C1D42980700C4BC0C /* Debug */ = {
			isa = XCBuildConfiguration;
			buildSettings = {
				ALWAYS_SEARCH_USER_PATHS = NO;
				CLANG_ANALYZER_NONNULL = YES;
				CLANG_CXX_LANGUAGE_STANDARD = "gnu++0x";
				CLANG_CXX_LIBRARY = "libc++";
				CLANG_ENABLE_MODULES = YES;
				CLANG_ENABLE_OBJC_ARC = YES;
				CLANG_WARN_BOOL_CONVERSION = YES;
				CLANG_WARN_CONSTANT_CONVERSION = YES;
				CLANG_WARN_DIRECT_OBJC_ISA_USAGE = YES_ERROR;
				CLANG_WARN_EMPTY_BODY = YES;
				CLANG_WARN_ENUM_CONVERSION = YES;
				CLANG_WARN_INT_CONVERSION = YES;
				CLANG_WARN_OBJC_ROOT_CLASS = YES_ERROR;
				CLANG_WARN_UNREACHABLE_CODE = YES;
				CLANG_WARN__DUPLICATE_METHOD_MATCH = YES;
				"CODE_SIGN_IDENTITY[sdk=iphoneos*]" = "iPhone Developer";
				COPY_PHASE_STRIP = NO;
				DEBUG_INFORMATION_FORMAT = dwarf;
				ENABLE_STRICT_OBJC_MSGSEND = YES;
				ENABLE_TESTABILITY = YES;
				GCC_C_LANGUAGE_STANDARD = gnu99;
				GCC_DYNAMIC_NO_PIC = NO;
				GCC_NO_COMMON_BLOCKS = YES;
				GCC_OPTIMIZATION_LEVEL = 0;
				GCC_PREPROCESSOR_DEFINITIONS = (
					"DEBUG=1",
					"$(inherited)",
				);
				GCC_WARN_64_TO_32_BIT_CONVERSION = YES;
				GCC_WARN_ABOUT_RETURN_TYPE = YES_ERROR;
				GCC_WARN_UNDECLARED_SELECTOR = YES;
				GCC_WARN_UNINITIALIZED_AUTOS = YES_AGGRESSIVE;
				GCC_WARN_UNUSED_FUNCTION = YES;
				GCC_WARN_UNUSED_VARIABLE = YES;
				IPHONEOS_DEPLOYMENT_TARGET = 9.3;
				MTL_ENABLE_DEBUG_INFO = YES;
				ONLY_ACTIVE_ARCH = YES;
				SDKROOT = iphoneos;
				SWIFT_OPTIMIZATION_LEVEL = "-Onone";
			};
			name = Debug;
		};
		189CD22D1D42980700C4BC0C /* Release */ = {
			isa = XCBuildConfiguration;
			buildSettings = {
				ALWAYS_SEARCH_USER_PATHS = NO;
				CLANG_ANALYZER_NONNULL = YES;
				CLANG_CXX_LANGUAGE_STANDARD = "gnu++0x";
				CLANG_CXX_LIBRARY = "libc++";
				CLANG_ENABLE_MODULES = YES;
				CLANG_ENABLE_OBJC_ARC = YES;
				CLANG_WARN_BOOL_CONVERSION = YES;
				CLANG_WARN_CONSTANT_CONVERSION = YES;
				CLANG_WARN_DIRECT_OBJC_ISA_USAGE = YES_ERROR;
				CLANG_WARN_EMPTY_BODY = YES;
				CLANG_WARN_ENUM_CONVERSION = YES;
				CLANG_WARN_INT_CONVERSION = YES;
				CLANG_WARN_OBJC_ROOT_CLASS = YES_ERROR;
				CLANG_WARN_UNREACHABLE_CODE = YES;
				CLANG_WARN__DUPLICATE_METHOD_MATCH = YES;
				"CODE_SIGN_IDENTITY[sdk=iphoneos*]" = "iPhone Developer";
				COPY_PHASE_STRIP = NO;
				DEBUG_INFORMATION_FORMAT = "dwarf-with-dsym";
				ENABLE_NS_ASSERTIONS = NO;
				ENABLE_STRICT_OBJC_MSGSEND = YES;
				GCC_C_LANGUAGE_STANDARD = gnu99;
				GCC_NO_COMMON_BLOCKS = YES;
				GCC_WARN_64_TO_32_BIT_CONVERSION = YES;
				GCC_WARN_ABOUT_RETURN_TYPE = YES_ERROR;
				GCC_WARN_UNDECLARED_SELECTOR = YES;
				GCC_WARN_UNINITIALIZED_AUTOS = YES_AGGRESSIVE;
				GCC_WARN_UNUSED_FUNCTION = YES;
				GCC_WARN_UNUSED_VARIABLE = YES;
				IPHONEOS_DEPLOYMENT_TARGET = 9.3;
				MTL_ENABLE_DEBUG_INFO = NO;
				SDKROOT = iphoneos;
				VALIDATE_PRODUCT = YES;
			};
			name = Release;
		};
		189CD22F1D42980700C4BC0C /* Debug */ = {
			isa = XCBuildConfiguration;
			buildSettings = {
				ASSETCATALOG_COMPILER_APPICON_NAME = AppIcon;
				CODE_SIGN_IDENTITY = "iPhone Developer";
				"CODE_SIGN_IDENTITY[sdk=iphoneos*]" = "iPhone Developer";
				INFOPLIST_FILE = "OOP Class RPGoop/Info.plist";
				LD_RUNPATH_SEARCH_PATHS = "$(inherited) @executable_path/Frameworks";
				PRODUCT_BUNDLE_IDENTIFIER = "com.SimpleStuff.OOP-Class-RPGoop";
				PRODUCT_NAME = "$(TARGET_NAME)";
				PROVISIONING_PROFILE = "";
			};
			name = Debug;
		};
		189CD2301D42980700C4BC0C /* Release */ = {
			isa = XCBuildConfiguration;
			buildSettings = {
				ASSETCATALOG_COMPILER_APPICON_NAME = AppIcon;
				CODE_SIGN_IDENTITY = "iPhone Developer";
				"CODE_SIGN_IDENTITY[sdk=iphoneos*]" = "iPhone Developer";
				INFOPLIST_FILE = "OOP Class RPGoop/Info.plist";
				LD_RUNPATH_SEARCH_PATHS = "$(inherited) @executable_path/Frameworks";
				PRODUCT_BUNDLE_IDENTIFIER = "com.SimpleStuff.OOP-Class-RPGoop";
				PRODUCT_NAME = "$(TARGET_NAME)";
				PROVISIONING_PROFILE = "";
			};
			name = Release;
		};
/* End XCBuildConfiguration section */

/* Begin XCConfigurationList section */
		189CD2171D42980700C4BC0C /* Build configuration list for PBXProject "OOP Class RPGoop" */ = {
			isa = XCConfigurationList;
			buildConfigurations = (
				189CD22C1D42980700C4BC0C /* Debug */,
				189CD22D1D42980700C4BC0C /* Release */,
			);
			defaultConfigurationIsVisible = 0;
			defaultConfigurationName = Release;
		};
		189CD22E1D42980700C4BC0C /* Build configuration list for PBXNativeTarget "OOP Class RPGoop" */ = {
			isa = XCConfigurationList;
			buildConfigurations = (
				189CD22F1D42980700C4BC0C /* Debug */,
				189CD2301D42980700C4BC0C /* Release */,
			);
			defaultConfigurationIsVisible = 0;
		};
/* End XCConfigurationList section */
	};
	rootObject = 189CD2141D42980700C4BC0C /* Project object */;
}
